
Microsoft Visual Studio Solution File, Format Version 12.00
# Visual Studio Version 17
VisualStudioVersion = 17.1.32228.430
MinimumVisualStudioVersion = 10.0.40219.1
Project("{FAE04EC0-301F-11D3-BF4B-00C04F79EFBC}") = "BlazorTrainingMai22", "BlazorTrainingMai22\BlazorTrainingMai22.csproj", "{C1BDBE5B-5A1A-4412-8869-19FB19C2BF8E}"
EndProject
Global
	GlobalSection(SolutionConfigurationPlatforms) = preSolution
		Debug|Any CPU = Debug|Any CPU
		Release|Any CPU = Release|Any CPU
	EndGlobalSection
	GlobalSection(ProjectConfigurationPlatforms) = postSolution
		{C1BDBE5B-5A1A-4412-8869-19FB19C2BF8E}.Debug|Any CPU.ActiveCfg = Debug|Any CPU
		{C1BDBE5B-5A1A-4412-8869-19FB19C2BF8E}.Debug|Any CPU.Build.0 = Debug|Any CPU
		{C1BDBE5B-5A1A-4412-8869-19FB19C2BF8E}.Release|Any CPU.ActiveCfg = Release|Any CPU
		{C1BDBE5B-5A1A-4412-8869-19FB19C2BF8E}.Release|Any CPU.Build.0 = Release|Any CPU
	EndGlobalSection
	GlobalSection(SolutionProperties) = preSolution
		HideSolutionNode = FALSE
	EndGlobalSection
	GlobalSection(ExtensibilityGlobals) = postSolution
		SolutionGuid = {EF8D2FB1-1D81-4D4E-B9C0-4DA3694DF12F}
	EndGlobalSection
EndGlobal
